
Microsoft Visual Studio Solution File, Format Version 12.00
# Visual Studio Version 16
VisualStudioVersion = 16.0.29806.167
MinimumVisualStudioVersion = 10.0.40219.1
Project("{9A19103F-16F7-4668-BE54-9A1E7A4F7556}") = "Suftnet.Co.Ema.DataAccess", "Suftnet.Co.Ema.DataAccess\Suftnet.Co.Ema.DataAccess.csproj", "{15525B76-CEF2-4832-8014-8F37C66FD54D}"
EndProject
Project("{9A19103F-16F7-4668-BE54-9A1E7A4F7556}") = "Suftnet.Co.Ema.Core", "Suftnet.Co.Ema.Core\Suftnet.Co.Ema.Core.csproj", "{F71AB1E1-5681-4D1E-925A-9885E89D78C3}"
EndProject
Project("{9A19103F-16F7-4668-BE54-9A1E7A4F7556}") = "Suftnet.Co.Ema.Common", "Suftnet.Co.Ema.Common\Suftnet.Co.Ema.Common.csproj", "{D7C1338B-6AC2-4417-AED8-45AA763DD209}"
EndProject
Project("{9A19103F-16F7-4668-BE54-9A1E7A4F7556}") = "Suftnet.Co.Ema.UnitTest", "Suftnet.Co.Ema.UnitTest\Suftnet.Co.Ema.UnitTest.csproj", "{67B3BD65-16D7-43DD-8620-2720C378DEB0}"
EndProject
Project("{9A19103F-16F7-4668-BE54-9A1E7A4F7556}") = "Suftnet.Co.Ema.Api", "Suftnet.Co.Ema.Api\Suftnet.Co.Ema.Api.csproj", "{E7373074-E921-4367-98C9-2FAF12DD1793}"
EndProject
Global
	GlobalSection(SolutionConfigurationPlatforms) = preSolution
		Debug|Any CPU = Debug|Any CPU
		Release|Any CPU = Release|Any CPU
	EndGlobalSection
	GlobalSection(ProjectConfigurationPlatforms) = postSolution
		{15525B76-CEF2-4832-8014-8F37C66FD54D}.Debug|Any CPU.ActiveCfg = Debug|Any CPU
		{15525B76-CEF2-4832-8014-8F37C66FD54D}.Debug|Any CPU.Build.0 = Debug|Any CPU
		{15525B76-CEF2-4832-8014-8F37C66FD54D}.Release|Any CPU.ActiveCfg = Release|Any CPU
		{15525B76-CEF2-4832-8014-8F37C66FD54D}.Release|Any CPU.Build.0 = Release|Any CPU
		{F71AB1E1-5681-4D1E-925A-9885E89D78C3}.Debug|Any CPU.ActiveCfg = Debug|Any CPU
		{F71AB1E1-5681-4D1E-925A-9885E89D78C3}.Debug|Any CPU.Build.0 = Debug|Any CPU
		{F71AB1E1-5681-4D1E-925A-9885E89D78C3}.Release|Any CPU.ActiveCfg = Release|Any CPU
		{F71AB1E1-5681-4D1E-925A-9885E89D78C3}.Release|Any CPU.Build.0 = Release|Any CPU
		{D7C1338B-6AC2-4417-AED8-45AA763DD209}.Debug|Any CPU.ActiveCfg = Debug|Any CPU
		{D7C1338B-6AC2-4417-AED8-45AA763DD209}.Debug|Any CPU.Build.0 = Debug|Any CPU
		{D7C1338B-6AC2-4417-AED8-45AA763DD209}.Release|Any CPU.ActiveCfg = Release|Any CPU
		{D7C1338B-6AC2-4417-AED8-45AA763DD209}.Release|Any CPU.Build.0 = Release|Any CPU
		{67B3BD65-16D7-43DD-8620-2720C378DEB0}.Debug|Any CPU.ActiveCfg = Debug|Any CPU
		{67B3BD65-16D7-43DD-8620-2720C378DEB0}.Debug|Any CPU.Build.0 = Debug|Any CPU
		{67B3BD65-16D7-43DD-8620-2720C378DEB0}.Release|Any CPU.ActiveCfg = Release|Any CPU
		{67B3BD65-16D7-43DD-8620-2720C378DEB0}.Release|Any CPU.Build.0 = Release|Any CPU
		{E7373074-E921-4367-98C9-2FAF12DD1793}.Debug|Any CPU.ActiveCfg = Debug|Any CPU
		{E7373074-E921-4367-98C9-2FAF12DD1793}.Debug|Any CPU.Build.0 = Debug|Any CPU
		{E7373074-E921-4367-98C9-2FAF12DD1793}.Release|Any CPU.ActiveCfg = Release|Any CPU
		{E7373074-E921-4367-98C9-2FAF12DD1793}.Release|Any CPU.Build.0 = Release|Any CPU
	EndGlobalSection
	GlobalSection(SolutionProperties) = preSolution
		HideSolutionNode = FALSE
	EndGlobalSection
	GlobalSection(ExtensibilityGlobals) = postSolution
		SolutionGuid = {BF097476-18FC-4969-93B5-3A7365876C01}
	EndGlobalSection
EndGlobal
